// !$*UTF8*$!
{
	archiveVersion = 1;
	classes = {
	};
	objectVersion = 55;
	objects = {

/* Begin PBXBuildFile section */
		2219E03227FF1A1700C6BD26 /* tea_sample.json in Resources */ = {isa = PBXBuildFile; fileRef = 2219E03027FF1A1700C6BD26 /* tea_sample.json */; };
		2219E03327FF1A1700C6BD26 /* donation_sample.json in Resources */ = {isa = PBXBuildFile; fileRef = 2219E03127FF1A1700C6BD26 /* donation_sample.json */; };
		22A895712806B9440089CF68 /* ImagePicker.swift in Sources */ = {isa = PBXBuildFile; fileRef = 22A895702806B9440089CF68 /* ImagePicker.swift */; };
		22A895732806B94F0089CF68 /* Reward.swift in Sources */ = {isa = PBXBuildFile; fileRef = 22A895722806B94F0089CF68 /* Reward.swift */; };
		22DB8F842802A91700E7D8BF /* DonationData.swift in Sources */ = {isa = PBXBuildFile; fileRef = 22DB8F832802A91700E7D8BF /* DonationData.swift */; };
		22DB8F8D2804087200E7D8BF /* mainpage.swift in Sources */ = {isa = PBXBuildFile; fileRef = 22DB8F8C2804087200E7D8BF /* mainpage.swift */; };
		22ED32232804095C00E61916 /* ACarousel.swift in Sources */ = {isa = PBXBuildFile; fileRef = 22ED321E2804095C00E61916 /* ACarousel.swift */; };
		22ED322B28040B8800E61916 /* ACarousel in Frameworks */ = {isa = PBXBuildFile; productRef = 22ED322A28040B8800E61916 /* ACarousel */; };
		22ED323028040D9400E61916 /* AppLifeCycleModifier.swift in Sources */ = {isa = PBXBuildFile; fileRef = 22ED322C28040D9400E61916 /* AppLifeCycleModifier.swift */; };
		22ED323128040D9400E61916 /* ACarouselViewModel.swift in Sources */ = {isa = PBXBuildFile; fileRef = 22ED322D28040D9400E61916 /* ACarouselViewModel.swift */; };
		22ED323228040D9400E61916 /* View+ReceiveTimer.swift in Sources */ = {isa = PBXBuildFile; fileRef = 22ED322E28040D9400E61916 /* View+ReceiveTimer.swift */; };
		22ED323328040D9400E61916 /* ACarouselAutoScroll.swift in Sources */ = {isa = PBXBuildFile; fileRef = 22ED322F28040D9400E61916 /* ACarouselAutoScroll.swift */; };
		3953B0B32805CABF000B09AC /* Detail.swift in Sources */ = {isa = PBXBuildFile; fileRef = 3953B0B22805CABF000B09AC /* Detail.swift */; };
		3953B0B52805CAF3000B09AC /* SearchBar.swift in Sources */ = {isa = PBXBuildFile; fileRef = 3953B0B42805CAF3000B09AC /* SearchBar.swift */; };
		3953B0B728069DBF000B09AC /* Mypage2.swift in Sources */ = {isa = PBXBuildFile; fileRef = 3953B0B628069DBF000B09AC /* Mypage2.swift */; };
		39595C4C27FEB80A00080515 /* healTeaApp.swift in Sources */ = {isa = PBXBuildFile; fileRef = 39595C4B27FEB80A00080515 /* healTeaApp.swift */; };
		39595C4E27FEB80A00080515 /* ContentView.swift in Sources */ = {isa = PBXBuildFile; fileRef = 39595C4D27FEB80A00080515 /* ContentView.swift */; };
		39595C5027FEB80B00080515 /* Assets.xcassets in Resources */ = {isa = PBXBuildFile; fileRef = 39595C4F27FEB80B00080515 /* Assets.xcassets */; };
		39595C5327FEB80B00080515 /* Preview Assets.xcassets in Resources */ = {isa = PBXBuildFile; fileRef = 39595C5227FEB80B00080515 /* Preview Assets.xcassets */; };
		39595C5527FEB80B00080515 /* Persistence.swift in Sources */ = {isa = PBXBuildFile; fileRef = 39595C5427FEB80B00080515 /* Persistence.swift */; };
		39595C5827FEB80B00080515 /* healTea.xcdatamodeld in Sources */ = {isa = PBXBuildFile; fileRef = 39595C5627FEB80B00080515 /* healTea.xcdatamodeld */; };
		39595C8027FF203F00080515 /* TeaData.swift in Sources */ = {isa = PBXBuildFile; fileRef = 39595C7F27FF203F00080515 /* TeaData.swift */; };
		39595C8427FF25AB00080515 /* TeaDictionary.swift in Sources */ = {isa = PBXBuildFile; fileRef = 39595C8327FF25AB00080515 /* TeaDictionary.swift */; };
		39595C892800237800080515 /* Mypage.swift in Sources */ = {isa = PBXBuildFile; fileRef = 39595C882800237800080515 /* Mypage.swift */; };
		39595C8B2800249D00080515 /* Home.swift in Sources */ = {isa = PBXBuildFile; fileRef = 39595C8A2800249C00080515 /* Home.swift */; };
		39595C8D2800250F00080515 /* Camera.swift in Sources */ = {isa = PBXBuildFile; fileRef = 39595C8C2800250F00080515 /* Camera.swift */; };
		B3A9F73B280487D400E040B6 /* searchmenu.swift in Sources */ = {isa = PBXBuildFile; fileRef = B3A9F73A280487D400E040B6 /* searchmenu.swift */; };
		B3A9F73D28048CEB00E040B6 /* maininfo.swift in Sources */ = {isa = PBXBuildFile; fileRef = B3A9F73C28048CEB00E040B6 /* maininfo.swift */; };
		B62E03562805B62C00BD60E5 /* Survey.swift in Sources */ = {isa = PBXBuildFile; fileRef = B62E03552805B62C00BD60E5 /* Survey.swift */; };
		B63013BE2805523B00410CFF /* userInfo.swift in Sources */ = {isa = PBXBuildFile; fileRef = B63013BD2805523B00410CFF /* userInfo.swift */; };
		EE1692712807049500DD1F72 /* DonationList.swift in Sources */ = {isa = PBXBuildFile; fileRef = EE1692702807049500DD1F72 /* DonationList.swift */; };
		EE20F2AB280583E1001CA137 /* DonationDetail.swift in Sources */ = {isa = PBXBuildFile; fileRef = EE20F2AA280583E1001CA137 /* DonationDetail.swift */; };
		EE2B0578280699870051BE9D /* DonationView.swift in Sources */ = {isa = PBXBuildFile; fileRef = EE2B0577280699870051BE9D /* DonationView.swift */; };
		EE8810DB2803FB02002380FB /* Barchart.swift in Sources */ = {isa = PBXBuildFile; fileRef = EE8810DA2803FB02002380FB /* Barchart.swift */; };
		EEE6DB712807C6C300B3DFB8 /* DonationListButton.swift in Sources */ = {isa = PBXBuildFile; fileRef = EEE6DB702807C6C300B3DFB8 /* DonationListButton.swift */; };
/* End PBXBuildFile section */

/* Begin PBXFileReference section */
		2219E03027FF1A1700C6BD26 /* tea_sample.json */ = {isa = PBXFileReference; fileEncoding = 4; lastKnownFileType = text.json; path = tea_sample.json; sourceTree = "<group>"; };
		2219E03127FF1A1700C6BD26 /* donation_sample.json */ = {isa = PBXFileReference; fileEncoding = 4; lastKnownFileType = text.json; path = donation_sample.json; sourceTree = "<group>"; };
		22A895702806B9440089CF68 /* ImagePicker.swift */ = {isa = PBXFileReference; fileEncoding = 4; lastKnownFileType = sourcecode.swift; path = ImagePicker.swift; sourceTree = "<group>"; };
		22A895722806B94F0089CF68 /* Reward.swift */ = {isa = PBXFileReference; fileEncoding = 4; lastKnownFileType = sourcecode.swift; path = Reward.swift; sourceTree = "<group>"; };
		22DB8F832802A91700E7D8BF /* DonationData.swift */ = {isa = PBXFileReference; lastKnownFileType = sourcecode.swift; path = DonationData.swift; sourceTree = "<group>"; };
		22DB8F8C2804087200E7D8BF /* mainpage.swift */ = {isa = PBXFileReference; lastKnownFileType = sourcecode.swift; path = mainpage.swift; sourceTree = "<group>"; };
		22ED321E2804095C00E61916 /* ACarousel.swift */ = {isa = PBXFileReference; fileEncoding = 4; lastKnownFileType = sourcecode.swift; path = ACarousel.swift; sourceTree = "<group>"; };
		22ED322C28040D9400E61916 /* AppLifeCycleModifier.swift */ = {isa = PBXFileReference; fileEncoding = 4; lastKnownFileType = sourcecode.swift; path = AppLifeCycleModifier.swift; sourceTree = "<group>"; };
		22ED322D28040D9400E61916 /* ACarouselViewModel.swift */ = {isa = PBXFileReference; fileEncoding = 4; lastKnownFileType = sourcecode.swift; path = ACarouselViewModel.swift; sourceTree = "<group>"; };
		22ED322E28040D9400E61916 /* View+ReceiveTimer.swift */ = {isa = PBXFileReference; fileEncoding = 4; lastKnownFileType = sourcecode.swift; path = "View+ReceiveTimer.swift"; sourceTree = "<group>"; };
		22ED322F28040D9400E61916 /* ACarouselAutoScroll.swift */ = {isa = PBXFileReference; fileEncoding = 4; lastKnownFileType = sourcecode.swift; path = ACarouselAutoScroll.swift; sourceTree = "<group>"; };
		3953B0B22805CABF000B09AC /* Detail.swift */ = {isa = PBXFileReference; lastKnownFileType = sourcecode.swift; path = Detail.swift; sourceTree = "<group>"; };
		3953B0B42805CAF3000B09AC /* SearchBar.swift */ = {isa = PBXFileReference; lastKnownFileType = sourcecode.swift; path = SearchBar.swift; sourceTree = "<group>"; };
		3953B0B628069DBF000B09AC /* Mypage2.swift */ = {isa = PBXFileReference; lastKnownFileType = sourcecode.swift; path = Mypage2.swift; sourceTree = "<group>"; };
		39595C4827FEB80A00080515 /* healTea.app */ = {isa = PBXFileReference; explicitFileType = wrapper.application; includeInIndex = 0; path = healTea.app; sourceTree = BUILT_PRODUCTS_DIR; };
		39595C4B27FEB80A00080515 /* healTeaApp.swift */ = {isa = PBXFileReference; lastKnownFileType = sourcecode.swift; path = healTeaApp.swift; sourceTree = "<group>"; };
		39595C4D27FEB80A00080515 /* ContentView.swift */ = {isa = PBXFileReference; lastKnownFileType = sourcecode.swift; path = ContentView.swift; sourceTree = "<group>"; };
		39595C4F27FEB80B00080515 /* Assets.xcassets */ = {isa = PBXFileReference; lastKnownFileType = folder.assetcatalog; path = Assets.xcassets; sourceTree = "<group>"; };
		39595C5227FEB80B00080515 /* Preview Assets.xcassets */ = {isa = PBXFileReference; lastKnownFileType = folder.assetcatalog; path = "Preview Assets.xcassets"; sourceTree = "<group>"; };
		39595C5427FEB80B00080515 /* Persistence.swift */ = {isa = PBXFileReference; lastKnownFileType = sourcecode.swift; path = Persistence.swift; sourceTree = "<group>"; };
		39595C5727FEB80B00080515 /* healTea.xcdatamodel */ = {isa = PBXFileReference; lastKnownFileType = wrapper.xcdatamodel; path = healTea.xcdatamodel; sourceTree = "<group>"; };
		39595C7F27FF203F00080515 /* TeaData.swift */ = {isa = PBXFileReference; lastKnownFileType = sourcecode.swift; path = TeaData.swift; sourceTree = "<group>"; };
		39595C8327FF25AB00080515 /* TeaDictionary.swift */ = {isa = PBXFileReference; lastKnownFileType = sourcecode.swift; path = TeaDictionary.swift; sourceTree = "<group>"; };
		39595C882800237800080515 /* Mypage.swift */ = {isa = PBXFileReference; lastKnownFileType = sourcecode.swift; path = Mypage.swift; sourceTree = "<group>"; };
		39595C8A2800249C00080515 /* Home.swift */ = {isa = PBXFileReference; lastKnownFileType = sourcecode.swift; path = Home.swift; sourceTree = "<group>"; };
		39595C8C2800250F00080515 /* Camera.swift */ = {isa = PBXFileReference; lastKnownFileType = sourcecode.swift; path = Camera.swift; sourceTree = "<group>"; };
		B3A9F73A280487D400E040B6 /* searchmenu.swift */ = {isa = PBXFileReference; lastKnownFileType = sourcecode.swift; path = searchmenu.swift; sourceTree = "<group>"; };
		B3A9F73C28048CEB00E040B6 /* maininfo.swift */ = {isa = PBXFileReference; lastKnownFileType = sourcecode.swift; path = maininfo.swift; sourceTree = "<group>"; };
		B62E03552805B62C00BD60E5 /* Survey.swift */ = {isa = PBXFileReference; lastKnownFileType = sourcecode.swift; path = Survey.swift; sourceTree = "<group>"; };
		B63013BD2805523B00410CFF /* userInfo.swift */ = {isa = PBXFileReference; lastKnownFileType = sourcecode.swift; path = userInfo.swift; sourceTree = "<group>"; };
		EE1692702807049500DD1F72 /* DonationList.swift */ = {isa = PBXFileReference; lastKnownFileType = sourcecode.swift; path = DonationList.swift; sourceTree = "<group>"; };
		EE20F2AA280583E1001CA137 /* DonationDetail.swift */ = {isa = PBXFileReference; lastKnownFileType = sourcecode.swift; path = DonationDetail.swift; sourceTree = "<group>"; };
		EE2B0577280699870051BE9D /* DonationView.swift */ = {isa = PBXFileReference; lastKnownFileType = sourcecode.swift; path = DonationView.swift; sourceTree = "<group>"; };
		EE8810DA2803FB02002380FB /* Barchart.swift */ = {isa = PBXFileReference; lastKnownFileType = sourcecode.swift; path = Barchart.swift; sourceTree = "<group>"; };
		EEE6DB702807C6C300B3DFB8 /* DonationListButton.swift */ = {isa = PBXFileReference; lastKnownFileType = sourcecode.swift; path = DonationListButton.swift; sourceTree = "<group>"; };
/* End PBXFileReference section */

/* Begin PBXFrameworksBuildPhase section */
		39595C4527FEB80A00080515 /* Frameworks */ = {
			isa = PBXFrameworksBuildPhase;
			buildActionMask = 2147483647;
			files = (
				22ED322B28040B8800E61916 /* ACarousel in Frameworks */,
			);
			runOnlyForDeploymentPostprocessing = 0;
		};
/* End PBXFrameworksBuildPhase section */

/* Begin PBXGroup section */
		2219E02F27FF1A0200C6BD26 /* Resources */ = {
			isa = PBXGroup;
			children = (
				2219E03127FF1A1700C6BD26 /* donation_sample.json */,
				2219E03027FF1A1700C6BD26 /* tea_sample.json */,
			);
			path = Resources;
			sourceTree = "<group>";
		};
		22ED321B2804095C00E61916 /* Sources */ = {
			isa = PBXGroup;
			children = (
				22ED322F28040D9400E61916 /* ACarouselAutoScroll.swift */,
				22ED322D28040D9400E61916 /* ACarouselViewModel.swift */,
				22ED322C28040D9400E61916 /* AppLifeCycleModifier.swift */,
				22ED322E28040D9400E61916 /* View+ReceiveTimer.swift */,
				22ED321E2804095C00E61916 /* ACarousel.swift */,
			);
			path = Sources;
			sourceTree = "<group>";
		};
		39595C3F27FEB80A00080515 = {
			isa = PBXGroup;
			children = (
				39595C4A27FEB80A00080515 /* healTea */,
				39595C4927FEB80A00080515 /* Products */,
			);
			sourceTree = "<group>";
		};
		39595C4927FEB80A00080515 /* Products */ = {
			isa = PBXGroup;
			children = (
				39595C4827FEB80A00080515 /* healTea.app */,
			);
			name = Products;
			sourceTree = "<group>";
		};
		39595C4A27FEB80A00080515 /* healTea */ = {
			isa = PBXGroup;
			children = (
				22ED321B2804095C00E61916 /* Sources */,
				39595C8728001B0300080515 /* View */,
				2219E02F27FF1A0200C6BD26 /* Resources */,
				39595C4B27FEB80A00080515 /* healTeaApp.swift */,
				39595C4D27FEB80A00080515 /* ContentView.swift */,
				39595C8627FF27BF00080515 /* Model */,
				39595C4F27FEB80B00080515 /* Assets.xcassets */,
				39595C5427FEB80B00080515 /* Persistence.swift */,
				39595C5627FEB80B00080515 /* healTea.xcdatamodeld */,
				39595C5127FEB80B00080515 /* Preview Content */,
			);
			path = healTea;
			sourceTree = "<group>";
		};
		39595C5127FEB80B00080515 /* Preview Content */ = {
			isa = PBXGroup;
			children = (
				39595C5227FEB80B00080515 /* Preview Assets.xcassets */,
			);
			path = "Preview Content";
			sourceTree = "<group>";
		};
		39595C8627FF27BF00080515 /* Model */ = {
			isa = PBXGroup;
			children = (
				39595C7F27FF203F00080515 /* TeaData.swift */,
				22DB8F832802A91700E7D8BF /* DonationData.swift */,
			);
			path = Model;
			sourceTree = "<group>";
		};
		39595C8728001B0300080515 /* View */ = {
			isa = PBXGroup;
			children = (
				EE1692702807049500DD1F72 /* DonationList.swift */,
				EE2B0577280699870051BE9D /* DonationView.swift */,
				EEE6DB702807C6C300B3DFB8 /* DonationListButton.swift */,
				EE20F2AA280583E1001CA137 /* DonationDetail.swift */,
				39595C8327FF25AB00080515 /* TeaDictionary.swift */,
				3953B0B42805CAF3000B09AC /* SearchBar.swift */,
				3953B0B22805CABF000B09AC /* Detail.swift */,
				39595C882800237800080515 /* Mypage.swift */,
				22A895702806B9440089CF68 /* ImagePicker.swift */,
				22A895722806B94F0089CF68 /* Reward.swift */,
				39595C8A2800249C00080515 /* Home.swift */,
				39595C8C2800250F00080515 /* Camera.swift */,
				EE8810DA2803FB02002380FB /* Barchart.swift */,
				22DB8F8C2804087200E7D8BF /* mainpage.swift */,
				B3A9F73C28048CEB00E040B6 /* maininfo.swift */,
				B3A9F73A280487D400E040B6 /* searchmenu.swift */,
				3953B0B628069DBF000B09AC /* Mypage2.swift */,
				B63013BD2805523B00410CFF /* userInfo.swift */,
				B62E03552805B62C00BD60E5 /* Survey.swift */,
			);
			path = View;
			sourceTree = "<group>";
		};
/* End PBXGroup section */

/* Begin PBXNativeTarget section */
		39595C4727FEB80A00080515 /* healTea */ = {
			isa = PBXNativeTarget;
			buildConfigurationList = 39595C5B27FEB80B00080515 /* Build configuration list for PBXNativeTarget "healTea" */;
			buildPhases = (
				39595C4427FEB80A00080515 /* Sources */,
				39595C4527FEB80A00080515 /* Frameworks */,
				39595C4627FEB80A00080515 /* Resources */,
			);
			buildRules = (
			);
			dependencies = (
			);
			name = healTea;
			packageProductDependencies = (
				22ED322A28040B8800E61916 /* ACarousel */,
			);
			productName = healTea;
			productReference = 39595C4827FEB80A00080515 /* healTea.app */;
			productType = "com.apple.product-type.application";
		};
/* End PBXNativeTarget section */

/* Begin PBXProject section */
		39595C4027FEB80A00080515 /* Project object */ = {
			isa = PBXProject;
			attributes = {
				BuildIndependentTargetsInParallel = 1;
				LastSwiftUpdateCheck = 1330;
				LastUpgradeCheck = 1330;
				TargetAttributes = {
					39595C4727FEB80A00080515 = {
						CreatedOnToolsVersion = 13.3;
					};
				};
			};
			buildConfigurationList = 39595C4327FEB80A00080515 /* Build configuration list for PBXProject "healTea" */;
			compatibilityVersion = "Xcode 13.0";
			developmentRegion = en;
			hasScannedForEncodings = 0;
			knownRegions = (
				en,
				Base,
			);
			mainGroup = 39595C3F27FEB80A00080515;
			packageReferences = (
				22ED322928040B8800E61916 /* XCRemoteSwiftPackageReference "ACarousel" */,
			);
			productRefGroup = 39595C4927FEB80A00080515 /* Products */;
			projectDirPath = "";
			projectRoot = "";
			targets = (
				39595C4727FEB80A00080515 /* healTea */,
			);
		};
/* End PBXProject section */

/* Begin PBXResourcesBuildPhase section */
		39595C4627FEB80A00080515 /* Resources */ = {
			isa = PBXResourcesBuildPhase;
			buildActionMask = 2147483647;
			files = (
				2219E03227FF1A1700C6BD26 /* tea_sample.json in Resources */,
				2219E03327FF1A1700C6BD26 /* donation_sample.json in Resources */,
				39595C5327FEB80B00080515 /* Preview Assets.xcassets in Resources */,
				39595C5027FEB80B00080515 /* Assets.xcassets in Resources */,
			);
			runOnlyForDeploymentPostprocessing = 0;
		};
/* End PBXResourcesBuildPhase section */

/* Begin PBXSourcesBuildPhase section */
		39595C4427FEB80A00080515 /* Sources */ = {
			isa = PBXSourcesBuildPhase;
			buildActionMask = 2147483647;
			files = (
				EE8810DB2803FB02002380FB /* Barchart.swift in Sources */,
				39595C5827FEB80B00080515 /* healTea.xcdatamodeld in Sources */,
				22A895712806B9440089CF68 /* ImagePicker.swift in Sources */,
				B3A9F73B280487D400E040B6 /* searchmenu.swift in Sources */,
				22ED323128040D9400E61916 /* ACarouselViewModel.swift in Sources */,
				22ED323228040D9400E61916 /* View+ReceiveTimer.swift in Sources */,
				22A895732806B94F0089CF68 /* Reward.swift in Sources */,
				39595C5527FEB80B00080515 /* Persistence.swift in Sources */,
				EE2B0578280699870051BE9D /* DonationView.swift in Sources */,
				39595C892800237800080515 /* Mypage.swift in Sources */,
				B3A9F73D28048CEB00E040B6 /* maininfo.swift in Sources */,
				EE20F2AB280583E1001CA137 /* DonationDetail.swift in Sources */,
				B63013BE2805523B00410CFF /* userInfo.swift in Sources */,
				EE1692712807049500DD1F72 /* DonationList.swift in Sources */,
				B62E03562805B62C00BD60E5 /* Survey.swift in Sources */,
				22ED323028040D9400E61916 /* AppLifeCycleModifier.swift in Sources */,
				22DB8F842802A91700E7D8BF /* DonationData.swift in Sources */,
				22ED323328040D9400E61916 /* ACarouselAutoScroll.swift in Sources */,
				39595C4E27FEB80A00080515 /* ContentView.swift in Sources */,
				39595C8B2800249D00080515 /* Home.swift in Sources */,
				22ED32232804095C00E61916 /* ACarousel.swift in Sources */,
				EEE6DB712807C6C300B3DFB8 /* DonationListButton.swift in Sources */,
				39595C8027FF203F00080515 /* TeaData.swift in Sources */,
				3953B0B52805CAF3000B09AC /* SearchBar.swift in Sources */,
				39595C8D2800250F00080515 /* Camera.swift in Sources */,
				39595C8427FF25AB00080515 /* TeaDictionary.swift in Sources */,
				22DB8F8D2804087200E7D8BF /* mainpage.swift in Sources */,
				3953B0B32805CABF000B09AC /* Detail.swift in Sources */,
				39595C4C27FEB80A00080515 /* healTeaApp.swift in Sources */,
				3953B0B728069DBF000B09AC /* Mypage2.swift in Sources */,
			);
			runOnlyForDeploymentPostprocessing = 0;
		};
/* End PBXSourcesBuildPhase section */

/* Begin XCBuildConfiguration section */
		39595C5927FEB80B00080515 /* Debug */ = {
			isa = XCBuildConfiguration;
			buildSettings = {
				ALWAYS_SEARCH_USER_PATHS = NO;
				CLANG_ANALYZER_NONNULL = YES;
				CLANG_ANALYZER_NUMBER_OBJECT_CONVERSION = YES_AGGRESSIVE;
				CLANG_CXX_LANGUAGE_STANDARD = "gnu++17";
				CLANG_ENABLE_MODULES = YES;
				CLANG_ENABLE_OBJC_ARC = YES;
				CLANG_ENABLE_OBJC_WEAK = YES;
				CLANG_WARN_BLOCK_CAPTURE_AUTORELEASING = YES;
				CLANG_WARN_BOOL_CONVERSION = YES;
				CLANG_WARN_COMMA = YES;
				CLANG_WARN_CONSTANT_CONVERSION = YES;
				CLANG_WARN_DEPRECATED_OBJC_IMPLEMENTATIONS = YES;
				CLANG_WARN_DIRECT_OBJC_ISA_USAGE = YES_ERROR;
				CLANG_WARN_DOCUMENTATION_COMMENTS = YES;
				CLANG_WARN_EMPTY_BODY = YES;
				CLANG_WARN_ENUM_CONVERSION = YES;
				CLANG_WARN_INFINITE_RECURSION = YES;
				CLANG_WARN_INT_CONVERSION = YES;
				CLANG_WARN_NON_LITERAL_NULL_CONVERSION = YES;
				CLANG_WARN_OBJC_IMPLICIT_RETAIN_SELF = YES;
				CLANG_WARN_OBJC_LITERAL_CONVERSION = YES;
				CLANG_WARN_OBJC_ROOT_CLASS = YES_ERROR;
				CLANG_WARN_QUOTED_INCLUDE_IN_FRAMEWORK_HEADER = YES;
				CLANG_WARN_RANGE_LOOP_ANALYSIS = YES;
				CLANG_WARN_STRICT_PROTOTYPES = YES;
				CLANG_WARN_SUSPICIOUS_MOVE = YES;
				CLANG_WARN_UNGUARDED_AVAILABILITY = YES_AGGRESSIVE;
				CLANG_WARN_UNREACHABLE_CODE = YES;
				CLANG_WARN__DUPLICATE_METHOD_MATCH = YES;
				COPY_PHASE_STRIP = NO;
				DEBUG_INFORMATION_FORMAT = dwarf;
				ENABLE_STRICT_OBJC_MSGSEND = YES;
				ENABLE_TESTABILITY = YES;
				GCC_C_LANGUAGE_STANDARD = gnu11;
				GCC_DYNAMIC_NO_PIC = NO;
				GCC_NO_COMMON_BLOCKS = YES;
				GCC_OPTIMIZATION_LEVEL = 0;
				GCC_PREPROCESSOR_DEFINITIONS = (
					"DEBUG=1",
					"$(inherited)",
				);
				GCC_WARN_64_TO_32_BIT_CONVERSION = YES;
				GCC_WARN_ABOUT_RETURN_TYPE = YES_ERROR;
				GCC_WARN_UNDECLARED_SELECTOR = YES;
				GCC_WARN_UNINITIALIZED_AUTOS = YES_AGGRESSIVE;
				GCC_WARN_UNUSED_FUNCTION = YES;
				GCC_WARN_UNUSED_VARIABLE = YES;
				IPHONEOS_DEPLOYMENT_TARGET = 15.4;
				MTL_ENABLE_DEBUG_INFO = INCLUDE_SOURCE;
				MTL_FAST_MATH = YES;
				ONLY_ACTIVE_ARCH = YES;
				SDKROOT = iphoneos;
				SWIFT_ACTIVE_COMPILATION_CONDITIONS = DEBUG;
				SWIFT_OPTIMIZATION_LEVEL = "-Onone";
			};
			name = Debug;
		};
		39595C5A27FEB80B00080515 /* Release */ = {
			isa = XCBuildConfiguration;
			buildSettings = {
				ALWAYS_SEARCH_USER_PATHS = NO;
				CLANG_ANALYZER_NONNULL = YES;
				CLANG_ANALYZER_NUMBER_OBJECT_CONVERSION = YES_AGGRESSIVE;
				CLANG_CXX_LANGUAGE_STANDARD = "gnu++17";
				CLANG_ENABLE_MODULES = YES;
				CLANG_ENABLE_OBJC_ARC = YES;
				CLANG_ENABLE_OBJC_WEAK = YES;
				CLANG_WARN_BLOCK_CAPTURE_AUTORELEASING = YES;
				CLANG_WARN_BOOL_CONVERSION = YES;
				CLANG_WARN_COMMA = YES;
				CLANG_WARN_CONSTANT_CONVERSION = YES;
				CLANG_WARN_DEPRECATED_OBJC_IMPLEMENTATIONS = YES;
				CLANG_WARN_DIRECT_OBJC_ISA_USAGE = YES_ERROR;
				CLANG_WARN_DOCUMENTATION_COMMENTS = YES;
				CLANG_WARN_EMPTY_BODY = YES;
				CLANG_WARN_ENUM_CONVERSION = YES;
				CLANG_WARN_INFINITE_RECURSION = YES;
				CLANG_WARN_INT_CONVERSION = YES;
				CLANG_WARN_NON_LITERAL_NULL_CONVERSION = YES;
				CLANG_WARN_OBJC_IMPLICIT_RETAIN_SELF = YES;
				CLANG_WARN_OBJC_LITERAL_CONVERSION = YES;
				CLANG_WARN_OBJC_ROOT_CLASS = YES_ERROR;
				CLANG_WARN_QUOTED_INCLUDE_IN_FRAMEWORK_HEADER = YES;
				CLANG_WARN_RANGE_LOOP_ANALYSIS = YES;
				CLANG_WARN_STRICT_PROTOTYPES = YES;
				CLANG_WARN_SUSPICIOUS_MOVE = YES;
				CLANG_WARN_UNGUARDED_AVAILABILITY = YES_AGGRESSIVE;
				CLANG_WARN_UNREACHABLE_CODE = YES;
				CLANG_WARN__DUPLICATE_METHOD_MATCH = YES;
				COPY_PHASE_STRIP = NO;
				DEBUG_INFORMATION_FORMAT = "dwarf-with-dsym";
				ENABLE_NS_ASSERTIONS = NO;
				ENABLE_STRICT_OBJC_MSGSEND = YES;
				GCC_C_LANGUAGE_STANDARD = gnu11;
				GCC_NO_COMMON_BLOCKS = YES;
				GCC_WARN_64_TO_32_BIT_CONVERSION = YES;
				GCC_WARN_ABOUT_RETURN_TYPE = YES_ERROR;
				GCC_WARN_UNDECLARED_SELECTOR = YES;
				GCC_WARN_UNINITIALIZED_AUTOS = YES_AGGRESSIVE;
				GCC_WARN_UNUSED_FUNCTION = YES;
				GCC_WARN_UNUSED_VARIABLE = YES;
				IPHONEOS_DEPLOYMENT_TARGET = 15.4;
				MTL_ENABLE_DEBUG_INFO = NO;
				MTL_FAST_MATH = YES;
				SDKROOT = iphoneos;
				SWIFT_COMPILATION_MODE = wholemodule;
				SWIFT_OPTIMIZATION_LEVEL = "-O";
				VALIDATE_PRODUCT = YES;
			};
			name = Release;
		};
		39595C5C27FEB80B00080515 /* Debug */ = {
			isa = XCBuildConfiguration;
			buildSettings = {
				ASSETCATALOG_COMPILER_APPICON_NAME = AppIcon;
				ASSETCATALOG_COMPILER_GLOBAL_ACCENT_COLOR_NAME = AccentColor;
				CODE_SIGN_STYLE = Automatic;
				CURRENT_PROJECT_VERSION = 1;
				DEVELOPMENT_ASSET_PATHS = "\"healTea/Preview Content\"";
				DEVELOPMENT_TEAM = JASCMY8XL7;
				ENABLE_PREVIEWS = YES;
				GENERATE_INFOPLIST_FILE = YES;
				INFOPLIST_FILE = healTea/Info.plist;
				INFOPLIST_KEY_UIApplicationSceneManifest_Generation = YES;
				INFOPLIST_KEY_UIApplicationSupportsIndirectInputEvents = YES;
				INFOPLIST_KEY_UILaunchScreen_Generation = YES;
				INFOPLIST_KEY_UISupportedInterfaceOrientations_iPad = "UIInterfaceOrientationPortrait UIInterfaceOrientationPortraitUpsideDown UIInterfaceOrientationLandscapeLeft UIInterfaceOrientationLandscapeRight";
				INFOPLIST_KEY_UISupportedInterfaceOrientations_iPhone = "UIInterfaceOrientationPortrait UIInterfaceOrientationLandscapeLeft UIInterfaceOrientationLandscapeRight";
				LD_RUNPATH_SEARCH_PATHS = (
					"$(inherited)",
					"@executable_path/Frameworks",
				);
				MARKETING_VERSION = 1.0;
				PRODUCT_BUNDLE_IDENTIFIER = com.geunilpark;
				PRODUCT_NAME = "$(TARGET_NAME)";
				SWIFT_EMIT_LOC_STRINGS = YES;
				SWIFT_VERSION = 5.0;
				TARGETED_DEVICE_FAMILY = "1,2";
			};
			name = Debug;
		};
		39595C5D27FEB80B00080515 /* Release */ = {
			isa = XCBuildConfiguration;
			buildSettings = {
				ASSETCATALOG_COMPILER_APPICON_NAME = AppIcon;
				ASSETCATALOG_COMPILER_GLOBAL_ACCENT_COLOR_NAME = AccentColor;
				CODE_SIGN_STYLE = Automatic;
				CURRENT_PROJECT_VERSION = 1;
				DEVELOPMENT_ASSET_PATHS = "\"healTea/Preview Content\"";
				DEVELOPMENT_TEAM = JASCMY8XL7;
				ENABLE_PREVIEWS = YES;
				GENERATE_INFOPLIST_FILE = YES;
				INFOPLIST_FILE = healTea/Info.plist;
				INFOPLIST_KEY_UIApplicationSceneManifest_Generation = YES;
				INFOPLIST_KEY_UIApplicationSupportsIndirectInputEvents = YES;
				INFOPLIST_KEY_UILaunchScreen_Generation = YES;
				INFOPLIST_KEY_UISupportedInterfaceOrientations_iPad = "UIInterfaceOrientationPortrait UIInterfaceOrientationPortraitUpsideDown UIInterfaceOrientationLandscapeLeft UIInterfaceOrientationLandscapeRight";
				INFOPLIST_KEY_UISupportedInterfaceOrientations_iPhone = "UIInterfaceOrientationPortrait UIInterfaceOrientationLandscapeLeft UIInterfaceOrientationLandscapeRight";
				LD_RUNPATH_SEARCH_PATHS = (
					"$(inherited)",
					"@executable_path/Frameworks",
				);
				MARKETING_VERSION = 1.0;
				PRODUCT_BUNDLE_IDENTIFIER = com.geunilpark;
				PRODUCT_NAME = "$(TARGET_NAME)";
				SWIFT_EMIT_LOC_STRINGS = YES;
				SWIFT_VERSION = 5.0;
				TARGETED_DEVICE_FAMILY = "1,2";
			};
			name = Release;
		};
/* End XCBuildConfiguration section */

/* Begin XCConfigurationList section */
		39595C4327FEB80A00080515 /* Build configuration list for PBXProject "healTea" */ = {
			isa = XCConfigurationList;
			buildConfigurations = (
				39595C5927FEB80B00080515 /* Debug */,
				39595C5A27FEB80B00080515 /* Release */,
			);
			defaultConfigurationIsVisible = 0;
			defaultConfigurationName = Release;
		};
		39595C5B27FEB80B00080515 /* Build configuration list for PBXNativeTarget "healTea" */ = {
			isa = XCConfigurationList;
			buildConfigurations = (
				39595C5C27FEB80B00080515 /* Debug */,
				39595C5D27FEB80B00080515 /* Release */,
			);
			defaultConfigurationIsVisible = 0;
			defaultConfigurationName = Release;
		};
/* End XCConfigurationList section */

/* Begin XCRemoteSwiftPackageReference section */
		22ED322928040B8800E61916 /* XCRemoteSwiftPackageReference "ACarousel" */ = {
			isa = XCRemoteSwiftPackageReference;
			repositoryURL = "https://github.com/JWAutumn/ACarousel";
			requirement = {
				kind = upToNextMajorVersion;
				minimumVersion = 0.2.0;
			};
		};
/* End XCRemoteSwiftPackageReference section */

/* Begin XCSwiftPackageProductDependency section */
		22ED322A28040B8800E61916 /* ACarousel */ = {
			isa = XCSwiftPackageProductDependency;
			package = 22ED322928040B8800E61916 /* XCRemoteSwiftPackageReference "ACarousel" */;
			productName = ACarousel;
		};
/* End XCSwiftPackageProductDependency section */

/* Begin XCVersionGroup section */
		39595C5627FEB80B00080515 /* healTea.xcdatamodeld */ = {
			isa = XCVersionGroup;
			children = (
				39595C5727FEB80B00080515 /* healTea.xcdatamodel */,
			);
			currentVersion = 39595C5727FEB80B00080515 /* healTea.xcdatamodel */;
			path = healTea.xcdatamodeld;
			sourceTree = "<group>";
			versionGroupType = wrapper.xcdatamodel;
		};
/* End XCVersionGroup section */
	};
	rootObject = 39595C4027FEB80A00080515 /* Project object */;
}
